{
  "name": "web-project",
  "lockfileVersion": 3,
  "requires": true,
  "packages": {
    "": {
      "dependencies": {
        "jodit-react": "^5.2.38"
      }
    },
    "node_modules/jodit": {
      "version": "4.7.9",
      "resolved": "https://registry.npmjs.org/jodit/-/jodit-4.7.9.tgz",
      "integrity": "sha512-dPlewnu2+vVXELh9BEJTNQoSBL3Cf2E0fNh30yjSEgUtJHYSUYToDjMDEqr0T/L9iNpqPTODy2b4pzyGpPRUog==",
      "license": "MIT"
    },
    "node_modules/jodit-react": {
      "version": "5.2.38",
      "resolved": "https://registry.npmjs.org/jodit-react/-/jodit-react-5.2.38.tgz",
      "integrity": "sha512-k98vjch0JWX13Dlf7tWv3wPo6dgO9bpi0NUBC6YrpGLYtRJx8d5Ttz5TLWuydEReedWWyNKobSGIGYQDihP8Vw==",
      "license": "MIT",
      "dependencies": {
        "jodit": "^4.7.9"
      },
      "peerDependencies": {
        "react": "~0.14 || ^15 || ^16 || ^17 || ^18 || ^19",
        "react-dom": "~0.14 || ^15 || ^16 || ^17 || ^18 || ^19"
      }
    },
    "node_modules/react": {
      "version": "19.2.0",
      "resolved": "https://registry.npmjs.org/react/-/react-19.2.0.tgz",
      "integrity": "sha512-tmbWg6W31tQLeB5cdIBOicJDJRR2KzXsV7uSK9iNfLWQ5bIZfxuPEHp7M8wiHyHnn0DD1i7w3Zmin0FtkrwoCQ==",
      "license": "MIT",
      "peer": true,
      "engines": {
        "node": ">=0.10.0"
      }
    },
    "node_modules/react-dom": {
      "version": "19.2.0",
      "resolved": "https://registry.npmjs.org/react-dom/-/react-dom-19.2.0.tgz",
      "integrity": "sha512-UlbRu4cAiGaIewkPyiRGJk0imDN2T3JjieT6spoL2UeSf5od4n5LB/mQ4ejmxhCFT1tYe8IvaFulzynWovsEFQ==",
      "license": "MIT",
      "peer": true,
      "dependencies": {
        "scheduler": "^0.27.0"
      },
      "peerDependencies": {
        "react": "^19.2.0"
      }
    },
    "node_modules/scheduler": {
      "version": "0.27.0",
      "resolved": "https://registry.npmjs.org/scheduler/-/scheduler-0.27.0.tgz",
      "integrity": "sha512-eNv+WrVbKu1f3vbYJT/xtiF5syA5HPIMtf9IgY/nKg0sWqzAUEvqY/xm7OcZc/qafLx/iO9FgOmeSAp4v5ti/Q==",
      "license": "MIT",
      "peer": true
    }
  }
}
